
Microsoft Visual Studio Solution File, Format Version 12.00
# Visual Studio 15
VisualStudioVersion = 15.0.28307.572
MinimumVisualStudioVersion = 10.0.40219.1
Project("{FAE04EC0-301F-11D3-BF4B-00C04F79EFBC}") = "DataAccess", "DataAccess\DataAccess.csproj", "{54C8382E-8CD3-47D1-B367-C956D36CEFBC}"
EndProject
Project("{FAE04EC0-301F-11D3-BF4B-00C04F79EFBC}") = "FLYHIGH_MVC", "FLYHIGH_MVC\FLYHIGH_MVC.csproj", "{E803D972-A4B1-4ABF-A61D-73C9B27450F1}"
EndProject
Global
	GlobalSection(SolutionConfigurationPlatforms) = preSolution
		Debug|Any CPU = Debug|Any CPU
		Release|Any CPU = Release|Any CPU
	EndGlobalSection
	GlobalSection(ProjectConfigurationPlatforms) = postSolution
		{54C8382E-8CD3-47D1-B367-C956D36CEFBC}.Debug|Any CPU.ActiveCfg = Debug|Any CPU
		{54C8382E-8CD3-47D1-B367-C956D36CEFBC}.Debug|Any CPU.Build.0 = Debug|Any CPU
		{54C8382E-8CD3-47D1-B367-C956D36CEFBC}.Release|Any CPU.ActiveCfg = Release|Any CPU
		{54C8382E-8CD3-47D1-B367-C956D36CEFBC}.Release|Any CPU.Build.0 = Release|Any CPU
		{E803D972-A4B1-4ABF-A61D-73C9B27450F1}.Debug|Any CPU.ActiveCfg = Debug|Any CPU
		{E803D972-A4B1-4ABF-A61D-73C9B27450F1}.Debug|Any CPU.Build.0 = Debug|Any CPU
		{E803D972-A4B1-4ABF-A61D-73C9B27450F1}.Release|Any CPU.ActiveCfg = Release|Any CPU
		{E803D972-A4B1-4ABF-A61D-73C9B27450F1}.Release|Any CPU.Build.0 = Release|Any CPU
	EndGlobalSection
	GlobalSection(SolutionProperties) = preSolution
		HideSolutionNode = FALSE
	EndGlobalSection
	GlobalSection(ExtensibilityGlobals) = postSolution
		SolutionGuid = {0A565995-6AD2-43E6-A7F7-5A8D240FEEE0}
	EndGlobalSection
EndGlobal
